
Microsoft Visual Studio Solution File, Format Version 12.00
Project("{F2A71F9B-5D33-465A-A702-920D77279786}") = "Warp11", "Warp11\Warp11.fsproj", "{8E2CFFFD-C9D7-4B3A-959F-236D34D42160}"
EndProject
Project("{F2A71F9B-5D33-465A-A702-920D77279786}") = "Warp11.Designs", "Warp11.Designs\Warp11.Designs.fsproj", "{0BA70C0E-8E89-46A0-8289-F01E5ADE713F}"
EndProject
Project("{F2A71F9B-5D33-465A-A702-920D77279786}") = "Warp11.Mandelbrot", "Warp11.Mandelbrot\Warp11.Mandelbrot.fsproj", "{86DC0A29-51C4-4FFB-8CDF-66D233A7BA70}"
EndProject
Project("{F2A71F9B-5D33-465A-A702-920D77279786}") = "Warp11.GoL", "Warp11.GoL\Warp11.GoL.fsproj", "{4838FCBD-8D57-47F7-AA0B-DDC7AE570DA8}"
EndProject
Project("{F2A71F9B-5D33-465A-A702-920D77279786}") = "Warp11.Gep", "Warp11.Gep\Warp11.Gep.fsproj", "{666DADEA-1206-4820-88C5-2BD785334E11}"
EndProject
Project("{F2A71F9B-5D33-465A-A702-920D77279786}") = "Warp11.Effects", "Warp11.Effects\Warp11.Effects.fsproj", "{48AEE740-F046-46C5-995B-F984A9E03DA8}"
EndProject
Project("{F2A71F9B-5D33-465A-A702-920D77279786}") = "Warp11.SimView", "Warp11.SimView\Warp11.SimView.fsproj", "{CA3BEBE4-94BC-4077-BF12-4E4477D33E95}"
EndProject
Project("{F2A71F9B-5D33-465A-A702-920D77279786}") = "Warp11.GolView", "Warp11.GolView\Warp11.GolView.fsproj", "{E13A1E12-5377-4B12-B3B7-422E4D04EADC}"
EndProject
Project("{F2A71F9B-5D33-465A-A702-920D77279786}") = "Warp11.Tutorial", "Warp11.Tutorial\Warp11.Tutorial.fsproj", "{F05F3E3C-8CA2-4A47-8325-1EDAE7131636}"
EndProject
Project("{F2A71F9B-5D33-465A-A702-920D77279786}") = "Warp11.Tutorial.App", "Warp11.Tutorial.App\Warp11.Tutorial.App.fsproj", "{21736799-F4B9-4742-9F3C-7531B35F9BF3}"
EndProject
Project("{F2A71F9B-5D33-465A-A702-920D77279786}") = "Warp11.SimView.Desktop", "Warp11.SimView.Desktop\Warp11.SimView.Desktop.fsproj", "{603FB266-DB8A-4804-B48D-DDAC5BA9EBB8}"
EndProject
Project("{F2A71F9B-5D33-465A-A702-920D77279786}") = "Warp11.MandelView", "Warp11.MandelView\Warp11.MandelView.fsproj", "{E06A5048-DA76-4225-8B09-A8C9A60C8491}"
EndProject
Project("{F2A71F9B-5D33-465A-A702-920D77279786}") = "Warp11.GolView.Desktop", "Warp11.GolView.Desktop\Warp11.GolView.Desktop.fsproj", "{89CD4433-BCA3-44A2-93BA-52192C8C42B8}"
EndProject
Project("{F2A71F9B-5D33-465A-A702-920D77279786}") = "Warp11.GoL.App", "Warp11.GoL.App\Warp11.GoL.App.fsproj", "{77F45E85-4F22-4B7C-A262-A78615C9E52D}"
EndProject
Global
	GlobalSection(SolutionConfigurationPlatforms) = preSolution
		Debug|Any CPU = Debug|Any CPU
		Debug|x64 = Debug|x64
		Debug|x86 = Debug|x86
		Release|Any CPU = Release|Any CPU
		Release|x64 = Release|x64
		Release|x86 = Release|x86
	EndGlobalSection
	GlobalSection(ProjectConfigurationPlatforms) = postSolution
		{8E2CFFFD-C9D7-4B3A-959F-236D34D42160}.Debug|Any CPU.ActiveCfg = Debug|Any CPU
		{8E2CFFFD-C9D7-4B3A-959F-236D34D42160}.Debug|Any CPU.Build.0 = Debug|Any CPU
		{8E2CFFFD-C9D7-4B3A-959F-236D34D42160}.Debug|x64.ActiveCfg = Debug|Any CPU
		{8E2CFFFD-C9D7-4B3A-959F-236D34D42160}.Debug|x64.Build.0 = Debug|Any CPU
		{8E2CFFFD-C9D7-4B3A-959F-236D34D42160}.Debug|x86.ActiveCfg = Debug|Any CPU
		{8E2CFFFD-C9D7-4B3A-959F-236D34D42160}.Debug|x86.Build.0 = Debug|Any CPU
		{8E2CFFFD-C9D7-4B3A-959F-236D34D42160}.Release|Any CPU.ActiveCfg = Release|Any CPU
		{8E2CFFFD-C9D7-4B3A-959F-236D34D42160}.Release|Any CPU.Build.0 = Release|Any CPU
		{8E2CFFFD-C9D7-4B3A-959F-236D34D42160}.Release|x64.ActiveCfg = Release|Any CPU
		{8E2CFFFD-C9D7-4B3A-959F-236D34D42160}.Release|x64.Build.0 = Release|Any CPU
		{8E2CFFFD-C9D7-4B3A-959F-236D34D42160}.Release|x86.ActiveCfg = Release|Any CPU
		{8E2CFFFD-C9D7-4B3A-959F-236D34D42160}.Release|x86.Build.0 = Release|Any CPU
		{0BA70C0E-8E89-46A0-8289-F01E5ADE713F}.Debug|Any CPU.ActiveCfg = Debug|Any CPU
		{0BA70C0E-8E89-46A0-8289-F01E5ADE713F}.Debug|Any CPU.Build.0 = Debug|Any CPU
		{0BA70C0E-8E89-46A0-8289-F01E5ADE713F}.Debug|x64.ActiveCfg = Debug|Any CPU
		{0BA70C0E-8E89-46A0-8289-F01E5ADE713F}.Debug|x64.Build.0 = Debug|Any CPU
		{0BA70C0E-8E89-46A0-8289-F01E5ADE713F}.Debug|x86.ActiveCfg = Debug|Any CPU
		{0BA70C0E-8E89-46A0-8289-F01E5ADE713F}.Debug|x86.Build.0 = Debug|Any CPU
		{0BA70C0E-8E89-46A0-8289-F01E5ADE713F}.Release|Any CPU.ActiveCfg = Release|Any CPU
		{0BA70C0E-8E89-46A0-8289-F01E5ADE713F}.Release|Any CPU.Build.0 = Release|Any CPU
		{0BA70C0E-8E89-46A0-8289-F01E5ADE713F}.Release|x64.ActiveCfg = Release|Any CPU
		{0BA70C0E-8E89-46A0-8289-F01E5ADE713F}.Release|x64.Build.0 = Release|Any CPU
		{0BA70C0E-8E89-46A0-8289-F01E5ADE713F}.Release|x86.ActiveCfg = Release|Any CPU
		{0BA70C0E-8E89-46A0-8289-F01E5ADE713F}.Release|x86.Build.0 = Release|Any CPU
		{86DC0A29-51C4-4FFB-8CDF-66D233A7BA70}.Debug|Any CPU.ActiveCfg = Debug|Any CPU
		{86DC0A29-51C4-4FFB-8CDF-66D233A7BA70}.Debug|Any CPU.Build.0 = Debug|Any CPU
		{86DC0A29-51C4-4FFB-8CDF-66D233A7BA70}.Debug|x64.ActiveCfg = Debug|Any CPU
		{86DC0A29-51C4-4FFB-8CDF-66D233A7BA70}.Debug|x64.Build.0 = Debug|Any CPU
		{86DC0A29-51C4-4FFB-8CDF-66D233A7BA70}.Debug|x86.ActiveCfg = Debug|Any CPU
		{86DC0A29-51C4-4FFB-8CDF-66D233A7BA70}.Debug|x86.Build.0 = Debug|Any CPU
		{86DC0A29-51C4-4FFB-8CDF-66D233A7BA70}.Release|Any CPU.ActiveCfg = Release|Any CPU
		{86DC0A29-51C4-4FFB-8CDF-66D233A7BA70}.Release|Any CPU.Build.0 = Release|Any CPU
		{86DC0A29-51C4-4FFB-8CDF-66D233A7BA70}.Release|x64.ActiveCfg = Release|Any CPU
		{86DC0A29-51C4-4FFB-8CDF-66D233A7BA70}.Release|x64.Build.0 = Release|Any CPU
		{86DC0A29-51C4-4FFB-8CDF-66D233A7BA70}.Release|x86.ActiveCfg = Release|Any CPU
		{86DC0A29-51C4-4FFB-8CDF-66D233A7BA70}.Release|x86.Build.0 = Release|Any CPU
		{4838FCBD-8D57-47F7-AA0B-DDC7AE570DA8}.Debug|Any CPU.ActiveCfg = Debug|Any CPU
		{4838FCBD-8D57-47F7-AA0B-DDC7AE570DA8}.Debug|Any CPU.Build.0 = Debug|Any CPU
		{4838FCBD-8D57-47F7-AA0B-DDC7AE570DA8}.Debug|x64.ActiveCfg = Debug|Any CPU
		{4838FCBD-8D57-47F7-AA0B-DDC7AE570DA8}.Debug|x64.Build.0 = Debug|Any CPU
		{4838FCBD-8D57-47F7-AA0B-DDC7AE570DA8}.Debug|x86.ActiveCfg = Debug|Any CPU
		{4838FCBD-8D57-47F7-AA0B-DDC7AE570DA8}.Debug|x86.Build.0 = Debug|Any CPU
		{4838FCBD-8D57-47F7-AA0B-DDC7AE570DA8}.Release|Any CPU.ActiveCfg = Release|Any CPU
		{4838FCBD-8D57-47F7-AA0B-DDC7AE570DA8}.Release|Any CPU.Build.0 = Release|Any CPU
		{4838FCBD-8D57-47F7-AA0B-DDC7AE570DA8}.Release|x64.ActiveCfg = Release|Any CPU
		{4838FCBD-8D57-47F7-AA0B-DDC7AE570DA8}.Release|x64.Build.0 = Release|Any CPU
		{4838FCBD-8D57-47F7-AA0B-DDC7AE570DA8}.Release|x86.ActiveCfg = Release|Any CPU
		{4838FCBD-8D57-47F7-AA0B-DDC7AE570DA8}.Release|x86.Build.0 = Release|Any CPU
		{666DADEA-1206-4820-88C5-2BD785334E11}.Debug|Any CPU.ActiveCfg = Debug|Any CPU
		{666DADEA-1206-4820-88C5-2BD785334E11}.Debug|Any CPU.Build.0 = Debug|Any CPU
		{666DADEA-1206-4820-88C5-2BD785334E11}.Debug|x64.ActiveCfg = Debug|Any CPU
		{666DADEA-1206-4820-88C5-2BD785334E11}.Debug|x64.Build.0 = Debug|Any CPU
		{666DADEA-1206-4820-88C5-2BD785334E11}.Debug|x86.ActiveCfg = Debug|Any CPU
		{666DADEA-1206-4820-88C5-2BD785334E11}.Debug|x86.Build.0 = Debug|Any CPU
		{666DADEA-1206-4820-88C5-2BD785334E11}.Release|Any CPU.ActiveCfg = Release|Any CPU
		{666DADEA-1206-4820-88C5-2BD785334E11}.Release|Any CPU.Build.0 = Release|Any CPU
		{666DADEA-1206-4820-88C5-2BD785334E11}.Release|x64.ActiveCfg = Release|Any CPU
		{666DADEA-1206-4820-88C5-2BD785334E11}.Release|x64.Build.0 = Release|Any CPU
		{666DADEA-1206-4820-88C5-2BD785334E11}.Release|x86.ActiveCfg = Release|Any CPU
		{666DADEA-1206-4820-88C5-2BD785334E11}.Release|x86.Build.0 = Release|Any CPU
		{48AEE740-F046-46C5-995B-F984A9E03DA8}.Debug|Any CPU.ActiveCfg = Debug|Any CPU
		{48AEE740-F046-46C5-995B-F984A9E03DA8}.Debug|Any CPU.Build.0 = Debug|Any CPU
		{48AEE740-F046-46C5-995B-F984A9E03DA8}.Debug|x64.ActiveCfg = Debug|Any CPU
		{48AEE740-F046-46C5-995B-F984A9E03DA8}.Debug|x64.Build.0 = Debug|Any CPU
		{48AEE740-F046-46C5-995B-F984A9E03DA8}.Debug|x86.ActiveCfg = Debug|Any CPU
		{48AEE740-F046-46C5-995B-F984A9E03DA8}.Debug|x86.Build.0 = Debug|Any CPU
		{48AEE740-F046-46C5-995B-F984A9E03DA8}.Release|Any CPU.ActiveCfg = Release|Any CPU
		{48AEE740-F046-46C5-995B-F984A9E03DA8}.Release|Any CPU.Build.0 = Release|Any CPU
		{48AEE740-F046-46C5-995B-F984A9E03DA8}.Release|x64.ActiveCfg = Release|Any CPU
		{48AEE740-F046-46C5-995B-F984A9E03DA8}.Release|x64.Build.0 = Release|Any CPU
		{48AEE740-F046-46C5-995B-F984A9E03DA8}.Release|x86.ActiveCfg = Release|Any CPU
		{48AEE740-F046-46C5-995B-F984A9E03DA8}.Release|x86.Build.0 = Release|Any CPU
		{CA3BEBE4-94BC-4077-BF12-4E4477D33E95}.Debug|Any CPU.ActiveCfg = Debug|Any CPU
		{CA3BEBE4-94BC-4077-BF12-4E4477D33E95}.Debug|Any CPU.Build.0 = Debug|Any CPU
		{CA3BEBE4-94BC-4077-BF12-4E4477D33E95}.Debug|x64.ActiveCfg = Debug|Any CPU
		{CA3BEBE4-94BC-4077-BF12-4E4477D33E95}.Debug|x64.Build.0 = Debug|Any CPU
		{CA3BEBE4-94BC-4077-BF12-4E4477D33E95}.Debug|x86.ActiveCfg = Debug|Any CPU
		{CA3BEBE4-94BC-4077-BF12-4E4477D33E95}.Debug|x86.Build.0 = Debug|Any CPU
		{CA3BEBE4-94BC-4077-BF12-4E4477D33E95}.Release|Any CPU.ActiveCfg = Release|Any CPU
		{CA3BEBE4-94BC-4077-BF12-4E4477D33E95}.Release|Any CPU.Build.0 = Release|Any CPU
		{CA3BEBE4-94BC-4077-BF12-4E4477D33E95}.Release|x64.ActiveCfg = Release|Any CPU
		{CA3BEBE4-94BC-4077-BF12-4E4477D33E95}.Release|x64.Build.0 = Release|Any CPU
		{CA3BEBE4-94BC-4077-BF12-4E4477D33E95}.Release|x86.ActiveCfg = Release|Any CPU
		{CA3BEBE4-94BC-4077-BF12-4E4477D33E95}.Release|x86.Build.0 = Release|Any CPU
		{E13A1E12-5377-4B12-B3B7-422E4D04EADC}.Debug|Any CPU.ActiveCfg = Debug|Any CPU
		{E13A1E12-5377-4B12-B3B7-422E4D04EADC}.Debug|Any CPU.Build.0 = Debug|Any CPU
		{E13A1E12-5377-4B12-B3B7-422E4D04EADC}.Debug|x64.ActiveCfg = Debug|Any CPU
		{E13A1E12-5377-4B12-B3B7-422E4D04EADC}.Debug|x64.Build.0 = Debug|Any CPU
		{E13A1E12-5377-4B12-B3B7-422E4D04EADC}.Debug|x86.ActiveCfg = Debug|Any CPU
		{E13A1E12-5377-4B12-B3B7-422E4D04EADC}.Debug|x86.Build.0 = Debug|Any CPU
		{E13A1E12-5377-4B12-B3B7-422E4D04EADC}.Release|Any CPU.ActiveCfg = Release|Any CPU
		{E13A1E12-5377-4B12-B3B7-422E4D04EADC}.Release|Any CPU.Build.0 = Release|Any CPU
		{E13A1E12-5377-4B12-B3B7-422E4D04EADC}.Release|x64.ActiveCfg = Release|Any CPU
		{E13A1E12-5377-4B12-B3B7-422E4D04EADC}.Release|x64.Build.0 = Release|Any CPU
		{E13A1E12-5377-4B12-B3B7-422E4D04EADC}.Release|x86.ActiveCfg = Release|Any CPU
		{E13A1E12-5377-4B12-B3B7-422E4D04EADC}.Release|x86.Build.0 = Release|Any CPU
		{F05F3E3C-8CA2-4A47-8325-1EDAE7131636}.Debug|Any CPU.ActiveCfg = Debug|Any CPU
		{F05F3E3C-8CA2-4A47-8325-1EDAE7131636}.Debug|Any CPU.Build.0 = Debug|Any CPU
		{F05F3E3C-8CA2-4A47-8325-1EDAE7131636}.Debug|x64.ActiveCfg = Debug|Any CPU
		{F05F3E3C-8CA2-4A47-8325-1EDAE7131636}.Debug|x64.Build.0 = Debug|Any CPU
		{F05F3E3C-8CA2-4A47-8325-1EDAE7131636}.Debug|x86.ActiveCfg = Debug|Any CPU
		{F05F3E3C-8CA2-4A47-8325-1EDAE7131636}.Debug|x86.Build.0 = Debug|Any CPU
		{F05F3E3C-8CA2-4A47-8325-1EDAE7131636}.Release|Any CPU.ActiveCfg = Release|Any CPU
		{F05F3E3C-8CA2-4A47-8325-1EDAE7131636}.Release|Any CPU.Build.0 = Release|Any CPU
		{F05F3E3C-8CA2-4A47-8325-1EDAE7131636}.Release|x64.ActiveCfg = Release|Any CPU
		{F05F3E3C-8CA2-4A47-8325-1EDAE7131636}.Release|x64.Build.0 = Release|Any CPU
		{F05F3E3C-8CA2-4A47-8325-1EDAE7131636}.Release|x86.ActiveCfg = Release|Any CPU
		{F05F3E3C-8CA2-4A47-8325-1EDAE7131636}.Release|x86.Build.0 = Release|Any CPU
		{21736799-F4B9-4742-9F3C-7531B35F9BF3}.Debug|Any CPU.ActiveCfg = Debug|Any CPU
		{21736799-F4B9-4742-9F3C-7531B35F9BF3}.Debug|Any CPU.Build.0 = Debug|Any CPU
		{21736799-F4B9-4742-9F3C-7531B35F9BF3}.Debug|x64.ActiveCfg = Debug|Any CPU
		{21736799-F4B9-4742-9F3C-7531B35F9BF3}.Debug|x64.Build.0 = Debug|Any CPU
		{21736799-F4B9-4742-9F3C-7531B35F9BF3}.Debug|x86.ActiveCfg = Debug|Any CPU
		{21736799-F4B9-4742-9F3C-7531B35F9BF3}.Debug|x86.Build.0 = Debug|Any CPU
		{21736799-F4B9-4742-9F3C-7531B35F9BF3}.Release|Any CPU.ActiveCfg = Release|Any CPU
		{21736799-F4B9-4742-9F3C-7531B35F9BF3}.Release|Any CPU.Build.0 = Release|Any CPU
		{21736799-F4B9-4742-9F3C-7531B35F9BF3}.Release|x64.ActiveCfg = Release|Any CPU
		{21736799-F4B9-4742-9F3C-7531B35F9BF3}.Release|x64.Build.0 = Release|Any CPU
		{21736799-F4B9-4742-9F3C-7531B35F9BF3}.Release|x86.ActiveCfg = Release|Any CPU
		{21736799-F4B9-4742-9F3C-7531B35F9BF3}.Release|x86.Build.0 = Release|Any CPU
		{603FB266-DB8A-4804-B48D-DDAC5BA9EBB8}.Debug|Any CPU.ActiveCfg = Debug|Any CPU
		{603FB266-DB8A-4804-B48D-DDAC5BA9EBB8}.Debug|Any CPU.Build.0 = Debug|Any CPU
		{603FB266-DB8A-4804-B48D-DDAC5BA9EBB8}.Debug|x64.ActiveCfg = Debug|Any CPU
		{603FB266-DB8A-4804-B48D-DDAC5BA9EBB8}.Debug|x64.Build.0 = Debug|Any CPU
		{603FB266-DB8A-4804-B48D-DDAC5BA9EBB8}.Debug|x86.ActiveCfg = Debug|Any CPU
		{603FB266-DB8A-4804-B48D-DDAC5BA9EBB8}.Debug|x86.Build.0 = Debug|Any CPU
		{603FB266-DB8A-4804-B48D-DDAC5BA9EBB8}.Release|Any CPU.ActiveCfg = Release|Any CPU
		{603FB266-DB8A-4804-B48D-DDAC5BA9EBB8}.Release|Any CPU.Build.0 = Release|Any CPU
		{603FB266-DB8A-4804-B48D-DDAC5BA9EBB8}.Release|x64.ActiveCfg = Release|Any CPU
		{603FB266-DB8A-4804-B48D-DDAC5BA9EBB8}.Release|x64.Build.0 = Release|Any CPU
		{603FB266-DB8A-4804-B48D-DDAC5BA9EBB8}.Release|x86.ActiveCfg = Release|Any CPU
		{603FB266-DB8A-4804-B48D-DDAC5BA9EBB8}.Release|x86.Build.0 = Release|Any CPU
		{E06A5048-DA76-4225-8B09-A8C9A60C8491}.Debug|Any CPU.ActiveCfg = Debug|Any CPU
		{E06A5048-DA76-4225-8B09-A8C9A60C8491}.Debug|Any CPU.Build.0 = Debug|Any CPU
		{E06A5048-DA76-4225-8B09-A8C9A60C8491}.Debug|x64.ActiveCfg = Debug|Any CPU
		{E06A5048-DA76-4225-8B09-A8C9A60C8491}.Debug|x64.Build.0 = Debug|Any CPU
		{E06A5048-DA76-4225-8B09-A8C9A60C8491}.Debug|x86.ActiveCfg = Debug|Any CPU
		{E06A5048-DA76-4225-8B09-A8C9A60C8491}.Debug|x86.Build.0 = Debug|Any CPU
		{E06A5048-DA76-4225-8B09-A8C9A60C8491}.Release|Any CPU.ActiveCfg = Release|Any CPU
		{E06A5048-DA76-4225-8B09-A8C9A60C8491}.Release|Any CPU.Build.0 = Release|Any CPU
		{E06A5048-DA76-4225-8B09-A8C9A60C8491}.Release|x64.ActiveCfg = Release|Any CPU
		{E06A5048-DA76-4225-8B09-A8C9A60C8491}.Release|x64.Build.0 = Release|Any CPU
		{E06A5048-DA76-4225-8B09-A8C9A60C8491}.Release|x86.ActiveCfg = Release|Any CPU
		{E06A5048-DA76-4225-8B09-A8C9A60C8491}.Release|x86.Build.0 = Release|Any CPU
		{89CD4433-BCA3-44A2-93BA-52192C8C42B8}.Debug|Any CPU.ActiveCfg = Debug|Any CPU
		{89CD4433-BCA3-44A2-93BA-52192C8C42B8}.Debug|Any CPU.Build.0 = Debug|Any CPU
		{89CD4433-BCA3-44A2-93BA-52192C8C42B8}.Debug|x64.ActiveCfg = Debug|Any CPU
		{89CD4433-BCA3-44A2-93BA-52192C8C42B8}.Debug|x64.Build.0 = Debug|Any CPU
		{89CD4433-BCA3-44A2-93BA-52192C8C42B8}.Debug|x86.ActiveCfg = Debug|Any CPU
		{89CD4433-BCA3-44A2-93BA-52192C8C42B8}.Debug|x86.Build.0 = Debug|Any CPU
		{89CD4433-BCA3-44A2-93BA-52192C8C42B8}.Release|Any CPU.ActiveCfg = Release|Any CPU
		{89CD4433-BCA3-44A2-93BA-52192C8C42B8}.Release|Any CPU.Build.0 = Release|Any CPU
		{89CD4433-BCA3-44A2-93BA-52192C8C42B8}.Release|x64.ActiveCfg = Release|Any CPU
		{89CD4433-BCA3-44A2-93BA-52192C8C42B8}.Release|x64.Build.0 = Release|Any CPU
		{89CD4433-BCA3-44A2-93BA-52192C8C42B8}.Release|x86.ActiveCfg = Release|Any CPU
		{89CD4433-BCA3-44A2-93BA-52192C8C42B8}.Release|x86.Build.0 = Release|Any CPU
		{77F45E85-4F22-4B7C-A262-A78615C9E52D}.Debug|Any CPU.ActiveCfg = Debug|Any CPU
		{77F45E85-4F22-4B7C-A262-A78615C9E52D}.Debug|Any CPU.Build.0 = Debug|Any CPU
		{77F45E85-4F22-4B7C-A262-A78615C9E52D}.Debug|x64.ActiveCfg = Debug|Any CPU
		{77F45E85-4F22-4B7C-A262-A78615C9E52D}.Debug|x64.Build.0 = Debug|Any CPU
		{77F45E85-4F22-4B7C-A262-A78615C9E52D}.Debug|x86.ActiveCfg = Debug|Any CPU
		{77F45E85-4F22-4B7C-A262-A78615C9E52D}.Debug|x86.Build.0 = Debug|Any CPU
		{77F45E85-4F22-4B7C-A262-A78615C9E52D}.Release|Any CPU.ActiveCfg = Release|Any CPU
		{77F45E85-4F22-4B7C-A262-A78615C9E52D}.Release|Any CPU.Build.0 = Release|Any CPU
		{77F45E85-4F22-4B7C-A262-A78615C9E52D}.Release|x64.ActiveCfg = Release|Any CPU
		{77F45E85-4F22-4B7C-A262-A78615C9E52D}.Release|x64.Build.0 = Release|Any CPU
		{77F45E85-4F22-4B7C-A262-A78615C9E52D}.Release|x86.ActiveCfg = Release|Any CPU
		{77F45E85-4F22-4B7C-A262-A78615C9E52D}.Release|x86.Build.0 = Release|Any CPU
	EndGlobalSection
	GlobalSection(SolutionProperties) = preSolution
		HideSolutionNode = FALSE
	EndGlobalSection
EndGlobal
